// !$*UTF8*$!
{
	archiveVersion = 1;
	classes = {
	};
	objectVersion = 54;
	objects = {

/* Begin PBXBuildFile section */
		08395C292EDA4EC2005B70A0 /* db_cursor.cpp in Sources */ = {isa = PBXBuildFile; fileRef = 0820370222B43B0D0025307B /* db_cursor.cpp */; };
		084426742ED8DD46002DEB21 /* PricePoint.cpp in Sources */ = {isa = PBXBuildFile; fileRef = 084505642048CAB900A0B88F /* PricePoint.cpp */; };
		0844268A2ED8E755002DEB21 /* main.cpp in Sources */ = {isa = PBXBuildFile; fileRef = 084426892ED8E755002DEB21 /* main.cpp */; };
		0851AB092F0A233A00C48FFE /* Tensor.cpp in Sources */ = {isa = PBXBuildFile; fileRef = 0851AB082F0A233A00C48FFE /* Tensor.cpp */; };
/* End PBXBuildFile section */

/* Begin PBXContainerItemProxy section */
		08F4FCF42F11F5DF00260473 /* PBXContainerItemProxy */ = {
			isa = PBXContainerItemProxy;
			containerPortal = 08F4FCB32F11F5DF00260473 /* MetaNNXC.xcodeproj */;
			proxyType = 2;
			remoteGlobalIDString = 0870E4A32D698BBC0097085B;
			remoteInfo = DataOpTest;
		};
		08F4FCF62F11F5DF00260473 /* PBXContainerItemProxy */ = {
			isa = PBXContainerItemProxy;
			containerPortal = 08F4FCB32F11F5DF00260473 /* MetaNNXC.xcodeproj */;
			proxyType = 2;
			remoteGlobalIDString = 08095D7B2DFCBD0A008D6698;
			remoteInfo = LayerTest;
		};
		08F4FCF82F11F5DF00260473 /* PBXContainerItemProxy */ = {
			isa = PBXContainerItemProxy;
			containerPortal = 08F4FCB32F11F5DF00260473 /* MetaNNXC.xcodeproj */;
			proxyType = 2;
			remoteGlobalIDString = 08095D862DFCBECB008D6698;
			remoteInfo = OtherTests;
		};
/* End PBXContainerItemProxy section */

/* Begin PBXCopyFilesBuildPhase section */
		0844267C2ED8DD46002DEB21 /* CopyFiles */ = {
			isa = PBXCopyFilesBuildPhase;
			buildActionMask = 2147483647;
			dstPath = /usr/share/man/man1/;
			dstSubfolderSpec = 0;
			files = (
			);
			runOnlyForDeploymentPostprocessing = 1;
		};
/* End PBXCopyFilesBuildPhase section */

/* Begin PBXFileReference section */
		0820370222B43B0D0025307B /* db_cursor.cpp */ = {isa = PBXFileReference; lastKnownFileType = sourcecode.cpp.cpp; name = db_cursor.cpp; path = Common/db_cursor.cpp; sourceTree = SOURCE_ROOT; };
		0820370322B43B0D0025307B /* db_cursor_iterator.hpp */ = {isa = PBXFileReference; lastKnownFileType = sourcecode.cpp.h; name = db_cursor_iterator.hpp; path = Common/db_cursor_iterator.hpp; sourceTree = SOURCE_ROOT; };
		084426802ED8DD46002DEB21 /* LSTM */ = {isa = PBXFileReference; explicitFileType = "compiled.mach-o.executable"; includeInIndex = 0; path = LSTM; sourceTree = BUILT_PRODUCTS_DIR; };
		084426892ED8E755002DEB21 /* main.cpp */ = {isa = PBXFileReference; lastKnownFileType = sourcecode.cpp.cpp; path = main.cpp; sourceTree = "<group>"; };
		0844268B2ED94F86002DEB21 /* candlestick.plpgsql */ = {isa = PBXFileReference; lastKnownFileType = text; path = candlestick.plpgsql; sourceTree = SOURCE_ROOT; };
		084505642048CAB900A0B88F /* PricePoint.cpp */ = {isa = PBXFileReference; lastKnownFileType = sourcecode.cpp.cpp; path = PricePoint.cpp; sourceTree = "<group>"; };
		084505652048CAB900A0B88F /* PricePoint.hpp */ = {isa = PBXFileReference; lastKnownFileType = sourcecode.cpp.h; path = PricePoint.hpp; sourceTree = "<group>"; };
		0851AB072F0A233A00C48FFE /* Tensor.hpp */ = {isa = PBXFileReference; lastKnownFileType = sourcecode.cpp.h; name = Tensor.hpp; path = LSTM/Tensor.hpp; sourceTree = SOURCE_ROOT; };
		0851AB082F0A233A00C48FFE /* Tensor.cpp */ = {isa = PBXFileReference; lastKnownFileType = sourcecode.cpp.cpp; name = Tensor.cpp; path = LSTM/Tensor.cpp; sourceTree = SOURCE_ROOT; };
		0896002D22A86B8A0093513A /* ee.pgsql */ = {isa = PBXFileReference; lastKnownFileType = text; path = ee.pgsql; sourceTree = "<group>"; };
		0896002E22A86B8A0093513A /* rmp_cursor.pgsql */ = {isa = PBXFileReference; lastKnownFileType = text; path = rmp_cursor.pgsql; sourceTree = "<group>"; };
		08F4FCB32F11F5DF00260473 /* MetaNNXC.xcodeproj */ = {isa = PBXFileReference; lastKnownFileType = "wrapper.pb-project"; name = MetaNNXC.xcodeproj; path = MetaNN/MetaNNXC.xcodeproj; sourceTree = "<group>"; };
/* End PBXFileReference section */

/* Begin PBXFrameworksBuildPhase section */
		0844267A2ED8DD46002DEB21 /* Frameworks */ = {
			isa = PBXFrameworksBuildPhase;
			buildActionMask = 2147483647;
			files = (
			);
			runOnlyForDeploymentPostprocessing = 0;
		};
/* End PBXFrameworksBuildPhase section */

/* Begin PBXGroup section */
		080C8C59219B702600840B79 /* Frameworks */ = {
			isa = PBXGroup;
			children = (
			);
			name = Frameworks;
			sourceTree = "<group>";
		};
		084505502047962100A0B88F = {
			isa = PBXGroup;
			children = (
				08F4FCB32F11F5DF00260473 /* MetaNNXC.xcodeproj */,
				0896005022A8BA170093513A /* LSTM */,
				08BF4E4A20A9343100B6F81D /* Source */,
				08BF4E4820A933FB00B6F81D /* Headers */,
				0845055A2047962100A0B88F /* Products */,
				080C8C59219B702600840B79 /* Frameworks */,
			);
			sourceTree = "<group>";
		};
		0845055A2047962100A0B88F /* Products */ = {
			isa = PBXGroup;
			children = (
				084426802ED8DD46002DEB21 /* LSTM */,
			);
			name = Products;
			sourceTree = "<group>";
		};
		0896002C22A86B1E0093513A /* plpgsql */ = {
			isa = PBXGroup;
			children = (
				0896002E22A86B8A0093513A /* rmp_cursor.pgsql */,
				0896002D22A86B8A0093513A /* ee.pgsql */,
				0844268B2ED94F86002DEB21 /* candlestick.plpgsql */,
			);
			path = plpgsql;
			sourceTree = "<group>";
		};
		0896005022A8BA170093513A /* LSTM */ = {
			isa = PBXGroup;
			children = (
				084426892ED8E755002DEB21 /* main.cpp */,
			);
			path = LSTM;
			sourceTree = "<group>";
		};
		08BF4E4820A933FB00B6F81D /* Headers */ = {
			isa = PBXGroup;
			children = (
				0851AB072F0A233A00C48FFE /* Tensor.hpp */,
				0851AB082F0A233A00C48FFE /* Tensor.cpp */,
				084505652048CAB900A0B88F /* PricePoint.hpp */,
				0820370322B43B0D0025307B /* db_cursor_iterator.hpp */,
			);
			path = Headers;
			sourceTree = "<group>";
		};
		08BF4E4A20A9343100B6F81D /* Source */ = {
			isa = PBXGroup;
			children = (
				084505642048CAB900A0B88F /* PricePoint.cpp */,
				0820370222B43B0D0025307B /* db_cursor.cpp */,
				0896002C22A86B1E0093513A /* plpgsql */,
			);
			name = Source;
			path = Common;
			sourceTree = "<group>";
		};
		08F4FCB42F11F5DF00260473 /* Products */ = {
			isa = PBXGroup;
			children = (
				08F4FCF52F11F5DF00260473 /* DataOpTest */,
				08F4FCF72F11F5DF00260473 /* LayerTest */,
				08F4FCF92F11F5DF00260473 /* OtherTests */,
			);
			name = Products;
			sourceTree = "<group>";
		};
/* End PBXGroup section */

/* Begin PBXNativeTarget section */
		084426722ED8DD46002DEB21 /* LSTM */ = {
			isa = PBXNativeTarget;
			buildConfigurationList = 0844267D2ED8DD46002DEB21 /* Build configuration list for PBXNativeTarget "LSTM" */;
			buildPhases = (
				084426732ED8DD46002DEB21 /* Sources */,
				0844267A2ED8DD46002DEB21 /* Frameworks */,
				0844267C2ED8DD46002DEB21 /* CopyFiles */,
			);
			buildRules = (
			);
			dependencies = (
			);
			name = LSTM;
			productName = ChartTest;
			productReference = 084426802ED8DD46002DEB21 /* LSTM */;
			productType = "com.apple.product-type.tool";
		};
/* End PBXNativeTarget section */

/* Begin PBXProject section */
		084505512047962100A0B88F /* Project object */ = {
			isa = PBXProject;
			attributes = {
				BuildIndependentTargetsInParallel = YES;
				LastUpgradeCheck = 2620;
				ORGANIZATIONNAME = "Vincent Predoehl";
				TargetAttributes = {
					084426722ED8DD46002DEB21 = {
						ProvisioningStyle = Automatic;
					};
				};
			};
			buildConfigurationList = 084505542047962100A0B88F /* Build configuration list for PBXProject "ExpertAdvisor" */;
			compatibilityVersion = "Xcode 8.0";
			developmentRegion = en;
			hasScannedForEncodings = 0;
			knownRegions = (
				en,
				Base,
			);
			mainGroup = 084505502047962100A0B88F;
			productRefGroup = 0845055A2047962100A0B88F /* Products */;
			projectDirPath = "";
			projectReferences = (
				{
					ProductGroup = 08F4FCB42F11F5DF00260473 /* Products */;
					ProjectRef = 08F4FCB32F11F5DF00260473 /* MetaNNXC.xcodeproj */;
				},
			);
			projectRoot = "";
			targets = (
				084426722ED8DD46002DEB21 /* LSTM */,
			);
		};
/* End PBXProject section */

/* Begin PBXReferenceProxy section */
		08F4FCF52F11F5DF00260473 /* DataOpTest */ = {
			isa = PBXReferenceProxy;
			fileType = "compiled.mach-o.executable";
			path = DataOpTest;
			remoteRef = 08F4FCF42F11F5DF00260473 /* PBXContainerItemProxy */;
			sourceTree = BUILT_PRODUCTS_DIR;
		};
		08F4FCF72F11F5DF00260473 /* LayerTest */ = {
			isa = PBXReferenceProxy;
			fileType = "compiled.mach-o.executable";
			path = LayerTest;
			remoteRef = 08F4FCF62F11F5DF00260473 /* PBXContainerItemProxy */;
			sourceTree = BUILT_PRODUCTS_DIR;
		};
		08F4FCF92F11F5DF00260473 /* OtherTests */ = {
			isa = PBXReferenceProxy;
			fileType = "compiled.mach-o.executable";
			path = OtherTests;
			remoteRef = 08F4FCF82F11F5DF00260473 /* PBXContainerItemProxy */;
			sourceTree = BUILT_PRODUCTS_DIR;
		};
/* End PBXReferenceProxy section */

/* Begin PBXSourcesBuildPhase section */
		084426732ED8DD46002DEB21 /* Sources */ = {
			isa = PBXSourcesBuildPhase;
			buildActionMask = 2147483647;
			files = (
				084426742ED8DD46002DEB21 /* PricePoint.cpp in Sources */,
				0844268A2ED8E755002DEB21 /* main.cpp in Sources */,
				0851AB092F0A233A00C48FFE /* Tensor.cpp in Sources */,
				08395C292EDA4EC2005B70A0 /* db_cursor.cpp in Sources */,
			);
			runOnlyForDeploymentPostprocessing = 0;
		};
/* End PBXSourcesBuildPhase section */

/* Begin XCBuildConfiguration section */
		0844267E2ED8DD46002DEB21 /* Debug */ = {
			isa = XCBuildConfiguration;
			buildSettings = {
				CLANG_CXX_LANGUAGE_STANDARD = "c++20";
				CLANG_ENABLE_MODULES = YES;
				CLANG_ENABLE_OBJC_WEAK = YES;
				CODE_SIGN_ENTITLEMENTS = "";
				CODE_SIGN_IDENTITY = "-";
				"CODE_SIGN_IDENTITY[sdk=macosx*]" = "-";
				CODE_SIGN_STYLE = Automatic;
				DEAD_CODE_STRIPPING = YES;
				DEVELOPMENT_TEAM = 47QSNDWH88;
				LD_MAP_FILE_PATH = "";
				LIBRARY_SEARCH_PATHS = (
					/Volumes/Darwin/homebrew/lib/,
					"$(PROJECT_DIR)",
					"$(inherited)",
				);
				MACOSX_DEPLOYMENT_TARGET = 26.0;
				OTHER_LDFLAGS = (
					"-lpq",
					"-lpqxx",
				);
				"PRODUCT_BUNDLE_IDENTIFIER[sdk=macosx*]" = com.ea.Expert;
				PRODUCT_NAME = "$(TARGET_NAME)";
				SYSTEM_FRAMEWORK_SEARCH_PATHS = /Volumes/Darwin/homebrew/lib/;
				SYSTEM_HEADER_SEARCH_PATHS = (
					/Volumes/Darwin/homebrew/Cellar/libpqxx/7.10.5/include,
					"'/Volumes/Developer SSD/ExpertAdvisor/MetaNN/'/**",
				);
				USER_HEADER_SEARCH_PATHS = "";
				Xanalyzer = "-I/usr/local/Toolchains/LLVM9.0.0.xctoolchain/usr/include/c++/v1/ -I/usr/local/include/pqxx";
			};
			name = Debug;
		};
		0844267F2ED8DD46002DEB21 /* Release */ = {
			isa = XCBuildConfiguration;
			buildSettings = {
				CLANG_CXX_LANGUAGE_STANDARD = "c++20";
				CLANG_CXX_STANDARD_LIBRARY_HARDENING = fast;
				CLANG_ENABLE_MODULES = YES;
				CLANG_ENABLE_MODULE_DEBUGGING = NO;
				CLANG_ENABLE_OBJC_WEAK = YES;
				CODE_SIGN_ENTITLEMENTS = "";
				CODE_SIGN_IDENTITY = "-";
				"CODE_SIGN_IDENTITY[sdk=macosx*]" = "-";
				CODE_SIGN_STYLE = Automatic;
				DEAD_CODE_STRIPPING = YES;
				DEVELOPMENT_TEAM = 47QSNDWH88;
				GCC_GENERATE_DEBUGGING_SYMBOLS = NO;
				GCC_PREPROCESSOR_DEFINITIONS = "DEBUG=0";
				LD_MAP_FILE_PATH = "";
				LIBRARY_SEARCH_PATHS = (
					/Volumes/Darwin/homebrew/lib/,
					"$(PROJECT_DIR)",
					"$(inherited)",
				);
				MACOSX_DEPLOYMENT_TARGET = 26.0;
				OTHER_LDFLAGS = (
					"-lpq",
					"-lpqxx",
				);
				"PRODUCT_BUNDLE_IDENTIFIER[sdk=macosx*]" = com.ea.Expert;
				PRODUCT_NAME = "$(TARGET_NAME)";
				SYSTEM_FRAMEWORK_SEARCH_PATHS = /Volumes/Darwin/homebrew/lib/;
				SYSTEM_HEADER_SEARCH_PATHS = (
					/Volumes/Darwin/homebrew/Cellar/libpqxx/7.10.5/include,
					"'/Volumes/Developer SSD/ExpertAdvisor/MetaNN/'/**",
				);
				USER_HEADER_SEARCH_PATHS = "";
				Xanalyzer = "-I/usr/local/Toolchains/LLVM9.0.0.xctoolchain/usr/include/c++/v1/ -I/usr/local/include/pqxx";
			};
			name = Release;
		};
		0845055E2047962100A0B88F /* Debug */ = {
			isa = XCBuildConfiguration;
			buildSettings = {
				ALWAYS_SEARCH_USER_PATHS = NO;
				CLANG_ANALYZER_NONNULL = YES;
				CLANG_ANALYZER_NUMBER_OBJECT_CONVERSION = YES_AGGRESSIVE;
				CLANG_CXX_LANGUAGE_STANDARD = "c++17";
				CLANG_CXX_LIBRARY = "libc++";
				CLANG_ENABLE_MODULES = NO;
				CLANG_ENABLE_OBJC_ARC = YES;
				CLANG_WARN_BLOCK_CAPTURE_AUTORELEASING = YES;
				CLANG_WARN_BOOL_CONVERSION = YES;
				CLANG_WARN_COMMA = YES;
				CLANG_WARN_CONSTANT_CONVERSION = YES;
				CLANG_WARN_DEPRECATED_OBJC_IMPLEMENTATIONS = YES;
				CLANG_WARN_DIRECT_OBJC_ISA_USAGE = YES_ERROR;
				CLANG_WARN_DOCUMENTATION_COMMENTS = YES;
				CLANG_WARN_EMPTY_BODY = YES;
				CLANG_WARN_ENUM_CONVERSION = YES;
				CLANG_WARN_INFINITE_RECURSION = YES;
				CLANG_WARN_INT_CONVERSION = YES;
				CLANG_WARN_NON_LITERAL_NULL_CONVERSION = YES;
				CLANG_WARN_OBJC_IMPLICIT_RETAIN_SELF = YES;
				CLANG_WARN_OBJC_LITERAL_CONVERSION = YES;
				CLANG_WARN_OBJC_ROOT_CLASS = YES_ERROR;
				CLANG_WARN_QUOTED_INCLUDE_IN_FRAMEWORK_HEADER = YES;
				CLANG_WARN_RANGE_LOOP_ANALYSIS = YES;
				CLANG_WARN_STRICT_PROTOTYPES = YES;
				CLANG_WARN_SUSPICIOUS_MOVE = YES;
				CLANG_WARN_UNGUARDED_AVAILABILITY = YES_AGGRESSIVE;
				CLANG_WARN_UNREACHABLE_CODE = YES;
				CLANG_WARN__DUPLICATE_METHOD_MATCH = YES;
				CODE_SIGN_IDENTITY = "Mac Developer";
				COMPILER_INDEX_STORE_ENABLE = NO;
				COPY_PHASE_STRIP = NO;
				DEAD_CODE_STRIPPING = YES;
				DEBUG_INFORMATION_FORMAT = dwarf;
				DEVELOPMENT_TEAM = 47QSNDWH88;
				ENABLE_STRICT_OBJC_MSGSEND = YES;
				ENABLE_TESTABILITY = YES;
				ENABLE_USER_SCRIPT_SANDBOXING = YES;
				GCC_C_LANGUAGE_STANDARD = gnu11;
				GCC_DYNAMIC_NO_PIC = NO;
				GCC_NO_COMMON_BLOCKS = YES;
				GCC_OPTIMIZATION_LEVEL = 0;
				GCC_PREPROCESSOR_DEFINITIONS = (
					"DEBUG=1",
					"$(inherited)",
				);
				GCC_WARN_64_TO_32_BIT_CONVERSION = YES;
				GCC_WARN_ABOUT_RETURN_TYPE = YES_ERROR;
				GCC_WARN_UNDECLARED_SELECTOR = YES;
				GCC_WARN_UNINITIALIZED_AUTOS = YES_AGGRESSIVE;
				GCC_WARN_UNUSED_FUNCTION = YES;
				GCC_WARN_UNUSED_VARIABLE = YES;
				HEADER_SEARCH_PATHS = "";
				LIBRARY_SEARCH_PATHS = (
					/opt/homebrew/lib,
					"/opt/homebrew/lib/postgresql@17",
				);
				MACOSX_DEPLOYMENT_TARGET = 10.15;
				MTL_ENABLE_DEBUG_INFO = YES;
				ONLY_ACTIVE_ARCH = YES;
				OTHER_CPLUSPLUSFLAGS = "$(OTHER_CFLAGS)";
				OTHER_LDFLAGS = "-lpqxx";
				SDKROOT = macosx;
				STRING_CATALOG_GENERATE_SYMBOLS = YES;
				SYSTEM_HEADER_SEARCH_PATHS = "";
				USER_HEADER_SEARCH_PATHS = "";
				Xanalyzer = "-I/usr/local/include/c++/v1/experimental";
			};
			name = Debug;
		};
		0845055F2047962100A0B88F /* Release */ = {
			isa = XCBuildConfiguration;
			buildSettings = {
				ALWAYS_SEARCH_USER_PATHS = NO;
				CLANG_ANALYZER_NONNULL = YES;
				CLANG_ANALYZER_NUMBER_OBJECT_CONVERSION = YES_AGGRESSIVE;
				CLANG_CXX_LANGUAGE_STANDARD = "c++17";
				CLANG_CXX_LIBRARY = "libc++";
				CLANG_ENABLE_MODULES = NO;
				CLANG_ENABLE_OBJC_ARC = YES;
				CLANG_WARN_BLOCK_CAPTURE_AUTORELEASING = YES;
				CLANG_WARN_BOOL_CONVERSION = YES;
				CLANG_WARN_COMMA = YES;
				CLANG_WARN_CONSTANT_CONVERSION = YES;
				CLANG_WARN_DEPRECATED_OBJC_IMPLEMENTATIONS = YES;
				CLANG_WARN_DIRECT_OBJC_ISA_USAGE = YES_ERROR;
				CLANG_WARN_DOCUMENTATION_COMMENTS = YES;
				CLANG_WARN_EMPTY_BODY = YES;
				CLANG_WARN_ENUM_CONVERSION = YES;
				CLANG_WARN_INFINITE_RECURSION = YES;
				CLANG_WARN_INT_CONVERSION = YES;
				CLANG_WARN_NON_LITERAL_NULL_CONVERSION = YES;
				CLANG_WARN_OBJC_IMPLICIT_RETAIN_SELF = YES;
				CLANG_WARN_OBJC_LITERAL_CONVERSION = YES;
				CLANG_WARN_OBJC_ROOT_CLASS = YES_ERROR;
				CLANG_WARN_QUOTED_INCLUDE_IN_FRAMEWORK_HEADER = YES;
				CLANG_WARN_RANGE_LOOP_ANALYSIS = YES;
				CLANG_WARN_STRICT_PROTOTYPES = YES;
				CLANG_WARN_SUSPICIOUS_MOVE = YES;
				CLANG_WARN_UNGUARDED_AVAILABILITY = YES_AGGRESSIVE;
				CLANG_WARN_UNREACHABLE_CODE = YES;
				CLANG_WARN__DUPLICATE_METHOD_MATCH = YES;
				CODE_SIGN_IDENTITY = "Mac Developer";
				COMPILER_INDEX_STORE_ENABLE = NO;
				COPY_PHASE_STRIP = NO;
				DEAD_CODE_STRIPPING = YES;
				DEBUG_INFORMATION_FORMAT = "dwarf-with-dsym";
				DEVELOPMENT_TEAM = 47QSNDWH88;
				ENABLE_NS_ASSERTIONS = NO;
				ENABLE_STRICT_OBJC_MSGSEND = YES;
				ENABLE_USER_SCRIPT_SANDBOXING = YES;
				GCC_C_LANGUAGE_STANDARD = gnu11;
				GCC_NO_COMMON_BLOCKS = YES;
				GCC_OPTIMIZATION_LEVEL = fast;
				GCC_WARN_64_TO_32_BIT_CONVERSION = YES;
				GCC_WARN_ABOUT_RETURN_TYPE = YES_ERROR;
				GCC_WARN_UNDECLARED_SELECTOR = YES;
				GCC_WARN_UNINITIALIZED_AUTOS = YES_AGGRESSIVE;
				GCC_WARN_UNUSED_FUNCTION = YES;
				GCC_WARN_UNUSED_VARIABLE = YES;
				HEADER_SEARCH_PATHS = "";
				LIBRARY_SEARCH_PATHS = (
					/opt/homebrew/lib,
					"/opt/homebrew/lib/postgresql@17",
				);
				MACOSX_DEPLOYMENT_TARGET = 10.15;
				MTL_ENABLE_DEBUG_INFO = NO;
				OTHER_CPLUSPLUSFLAGS = "$(OTHER_CFLAGS)";
				OTHER_LDFLAGS = "-lpqxx";
				SDKROOT = macosx;
				STRING_CATALOG_GENERATE_SYMBOLS = YES;
				SYSTEM_HEADER_SEARCH_PATHS = "";
				USER_HEADER_SEARCH_PATHS = "";
				Xanalyzer = "-I/usr/local/include/c++/v1/experimental";
			};
			name = Release;
		};
/* End XCBuildConfiguration section */

/* Begin XCConfigurationList section */
		0844267D2ED8DD46002DEB21 /* Build configuration list for PBXNativeTarget "LSTM" */ = {
			isa = XCConfigurationList;
			buildConfigurations = (
				0844267E2ED8DD46002DEB21 /* Debug */,
				0844267F2ED8DD46002DEB21 /* Release */,
			);
			defaultConfigurationIsVisible = 0;
			defaultConfigurationName = Release;
		};
		084505542047962100A0B88F /* Build configuration list for PBXProject "ExpertAdvisor" */ = {
			isa = XCConfigurationList;
			buildConfigurations = (
				0845055E2047962100A0B88F /* Debug */,
				0845055F2047962100A0B88F /* Release */,
			);
			defaultConfigurationIsVisible = 0;
			defaultConfigurationName = Release;
		};
/* End XCConfigurationList section */
	};
	rootObject = 084505512047962100A0B88F /* Project object */;
}
