// !$*UTF8*$!
{
	archiveVersion = 1;
	classes = {
	};
	objectVersion = 48;
	objects = {

/* Begin PBXBuildFile section */
		080C8C5B219B702700840B79 /* libpq.tbd in Frameworks */ = {isa = PBXBuildFile; fileRef = 080C8C5A219B702700840B79 /* libpq.tbd */; };
		082BAC9220A93F3E0003EA86 /* DiskIO.cpp in Sources */ = {isa = PBXBuildFile; fileRef = 08BF4E4320A9286600B6F81D /* DiskIO.cpp */; };
		082BAC9320A93F760003EA86 /* PricePoint.cpp in Sources */ = {isa = PBXBuildFile; fileRef = 084505642048CAB900A0B88F /* PricePoint.cpp */; };
		082BAC9420A93F760003EA86 /* CandleStick.cpp in Sources */ = {isa = PBXBuildFile; fileRef = 0845056B204BC46900A0B88F /* CandleStick.cpp */; };
		082BAC9520A93F760003EA86 /* Chart.cpp in Sources */ = {isa = PBXBuildFile; fileRef = 08305973204E2A650066E86F /* Chart.cpp */; };
		08305975204E2A650066E86F /* Chart.cpp in Sources */ = {isa = PBXBuildFile; fileRef = 08305973204E2A650066E86F /* Chart.cpp */; };
		0845055D2047962100A0B88F /* main.cpp in Sources */ = {isa = PBXBuildFile; fileRef = 0845055C2047962100A0B88F /* main.cpp */; };
		084505662048CAB900A0B88F /* PricePoint.cpp in Sources */ = {isa = PBXBuildFile; fileRef = 084505642048CAB900A0B88F /* PricePoint.cpp */; };
		0845056D204BC46900A0B88F /* CandleStick.cpp in Sources */ = {isa = PBXBuildFile; fileRef = 0845056B204BC46900A0B88F /* CandleStick.cpp */; };
		08BF4E4520A9286600B6F81D /* DiskIO.cpp in Sources */ = {isa = PBXBuildFile; fileRef = 08BF4E4320A9286600B6F81D /* DiskIO.cpp */; };
		08BF4E5620A9385B00B6F81D /* main.cpp in Sources */ = {isa = PBXBuildFile; fileRef = 08FA2DBB20A923C700383E57 /* main.cpp */; };
		08FF18FA21A223BF005439FA /* libpq.tbd in Frameworks */ = {isa = PBXBuildFile; fileRef = 080C8C5A219B702700840B79 /* libpq.tbd */; };
/* End PBXBuildFile section */

/* Begin PBXCopyFilesBuildPhase section */
		084505572047962100A0B88F /* CopyFiles */ = {
			isa = PBXCopyFilesBuildPhase;
			buildActionMask = 2147483647;
			dstPath = /usr/share/man/man1/;
			dstSubfolderSpec = 0;
			files = (
			);
			runOnlyForDeploymentPostprocessing = 1;
		};
		08BF4E4D20A934D200B6F81D /* CopyFiles */ = {
			isa = PBXCopyFilesBuildPhase;
			buildActionMask = 2147483647;
			dstPath = /usr/share/man/man1/;
			dstSubfolderSpec = 0;
			files = (
			);
			runOnlyForDeploymentPostprocessing = 1;
		};
/* End PBXCopyFilesBuildPhase section */

/* Begin PBXFileReference section */
		080C8C5A219B702700840B79 /* libpq.tbd */ = {isa = PBXFileReference; lastKnownFileType = "sourcecode.text-based-dylib-definition"; name = libpq.tbd; path = usr/lib/libpq.tbd; sourceTree = SDKROOT; };
		08305973204E2A650066E86F /* Chart.cpp */ = {isa = PBXFileReference; lastKnownFileType = sourcecode.cpp.cpp; path = Chart.cpp; sourceTree = "<group>"; };
		08305974204E2A650066E86F /* Chart.hpp */ = {isa = PBXFileReference; lastKnownFileType = sourcecode.cpp.h; path = Chart.hpp; sourceTree = "<group>"; };
		084505592047962100A0B88F /* ExpertAdvisor */ = {isa = PBXFileReference; explicitFileType = "compiled.mach-o.executable"; includeInIndex = 0; path = ExpertAdvisor; sourceTree = BUILT_PRODUCTS_DIR; };
		0845055C2047962100A0B88F /* main.cpp */ = {isa = PBXFileReference; lastKnownFileType = sourcecode.cpp.cpp; path = main.cpp; sourceTree = "<group>"; };
		084505642048CAB900A0B88F /* PricePoint.cpp */ = {isa = PBXFileReference; lastKnownFileType = sourcecode.cpp.cpp; path = PricePoint.cpp; sourceTree = "<group>"; };
		084505652048CAB900A0B88F /* PricePoint.hpp */ = {isa = PBXFileReference; lastKnownFileType = sourcecode.cpp.h; path = PricePoint.hpp; sourceTree = "<group>"; };
		0845056B204BC46900A0B88F /* CandleStick.cpp */ = {isa = PBXFileReference; lastKnownFileType = sourcecode.cpp.cpp; path = CandleStick.cpp; sourceTree = "<group>"; };
		0845056C204BC46900A0B88F /* CandleStick.hpp */ = {isa = PBXFileReference; lastKnownFileType = sourcecode.cpp.h; path = CandleStick.hpp; sourceTree = "<group>"; };
		0896002D22A86B8A0093513A /* ee.pgsql */ = {isa = PBXFileReference; lastKnownFileType = text; path = ee.pgsql; sourceTree = "<group>"; };
		0896002E22A86B8A0093513A /* rmp_cursor.pgsql */ = {isa = PBXFileReference; lastKnownFileType = text; path = rmp_cursor.pgsql; sourceTree = "<group>"; };
		08BF4E4320A9286600B6F81D /* DiskIO.cpp */ = {isa = PBXFileReference; lastKnownFileType = sourcecode.cpp.cpp; path = DiskIO.cpp; sourceTree = "<group>"; };
		08BF4E4420A9286600B6F81D /* DiskIO.hpp */ = {isa = PBXFileReference; lastKnownFileType = sourcecode.cpp.h; path = DiskIO.hpp; sourceTree = "<group>"; };
		08BF4E4F20A934D200B6F81D /* ChartTest */ = {isa = PBXFileReference; explicitFileType = "compiled.mach-o.executable"; includeInIndex = 0; path = ChartTest; sourceTree = BUILT_PRODUCTS_DIR; };
		08FA2DBB20A923C700383E57 /* main.cpp */ = {isa = PBXFileReference; lastKnownFileType = sourcecode.cpp.cpp; path = main.cpp; sourceTree = "<group>"; };
/* End PBXFileReference section */

/* Begin PBXFrameworksBuildPhase section */
		084505562047962100A0B88F /* Frameworks */ = {
			isa = PBXFrameworksBuildPhase;
			buildActionMask = 2147483647;
			files = (
				080C8C5B219B702700840B79 /* libpq.tbd in Frameworks */,
			);
			runOnlyForDeploymentPostprocessing = 0;
		};
		08BF4E4C20A934D200B6F81D /* Frameworks */ = {
			isa = PBXFrameworksBuildPhase;
			buildActionMask = 2147483647;
			files = (
				08FF18FA21A223BF005439FA /* libpq.tbd in Frameworks */,
			);
			runOnlyForDeploymentPostprocessing = 0;
		};
/* End PBXFrameworksBuildPhase section */

/* Begin PBXGroup section */
		080C8C59219B702600840B79 /* Frameworks */ = {
			isa = PBXGroup;
			children = (
				080C8C5A219B702700840B79 /* libpq.tbd */,
			);
			name = Frameworks;
			sourceTree = "<group>";
		};
		084505502047962100A0B88F = {
			isa = PBXGroup;
			children = (
				0845055B2047962100A0B88F /* ExpertAdvisor */,
				08FA2DBA20A923C700383E57 /* ChartTest */,
				0896005022A8BA170093513A /* CursorTest */,
				08BF4E4A20A9343100B6F81D /* Source */,
				08BF4E4820A933FB00B6F81D /* Headers */,
				0845055A2047962100A0B88F /* Products */,
				080C8C59219B702600840B79 /* Frameworks */,
			);
			sourceTree = "<group>";
		};
		0845055A2047962100A0B88F /* Products */ = {
			isa = PBXGroup;
			children = (
				084505592047962100A0B88F /* ExpertAdvisor */,
				08BF4E4F20A934D200B6F81D /* ChartTest */,
			);
			name = Products;
			sourceTree = "<group>";
		};
		0845055B2047962100A0B88F /* ExpertAdvisor */ = {
			isa = PBXGroup;
			children = (
				0845055C2047962100A0B88F /* main.cpp */,
			);
			path = ExpertAdvisor;
			sourceTree = "<group>";
		};
		0896002C22A86B1E0093513A /* plpgsql */ = {
			isa = PBXGroup;
			children = (
				0896002E22A86B8A0093513A /* rmp_cursor.pgsql */,
				0896002D22A86B8A0093513A /* ee.pgsql */,
			);
			path = plpgsql;
			sourceTree = "<group>";
		};
		0896005022A8BA170093513A /* CursorTest */ = {
			isa = PBXGroup;
			children = (
			);
			path = CursorTest;
			sourceTree = "<group>";
		};
		08BF4E4820A933FB00B6F81D /* Headers */ = {
			isa = PBXGroup;
			children = (
				084505652048CAB900A0B88F /* PricePoint.hpp */,
				0845056C204BC46900A0B88F /* CandleStick.hpp */,
				08305974204E2A650066E86F /* Chart.hpp */,
				08BF4E4420A9286600B6F81D /* DiskIO.hpp */,
			);
			path = Headers;
			sourceTree = "<group>";
		};
		08BF4E4A20A9343100B6F81D /* Source */ = {
			isa = PBXGroup;
			children = (
				084505642048CAB900A0B88F /* PricePoint.cpp */,
				0845056B204BC46900A0B88F /* CandleStick.cpp */,
				08305973204E2A650066E86F /* Chart.cpp */,
				08BF4E4320A9286600B6F81D /* DiskIO.cpp */,
				0896002C22A86B1E0093513A /* plpgsql */,
			);
			name = Source;
			path = Common;
			sourceTree = "<group>";
		};
		08FA2DBA20A923C700383E57 /* ChartTest */ = {
			isa = PBXGroup;
			children = (
				08FA2DBB20A923C700383E57 /* main.cpp */,
			);
			path = ChartTest;
			sourceTree = "<group>";
		};
/* End PBXGroup section */

/* Begin PBXNativeTarget section */
		084505582047962100A0B88F /* ExpertAdvisor */ = {
			isa = PBXNativeTarget;
			buildConfigurationList = 084505602047962100A0B88F /* Build configuration list for PBXNativeTarget "ExpertAdvisor" */;
			buildPhases = (
				084505552047962100A0B88F /* Sources */,
				084505562047962100A0B88F /* Frameworks */,
				084505572047962100A0B88F /* CopyFiles */,
			);
			buildRules = (
			);
			dependencies = (
			);
			name = ExpertAdvisor;
			productName = ExpertAdvisor;
			productReference = 084505592047962100A0B88F /* ExpertAdvisor */;
			productType = "com.apple.product-type.tool";
		};
		08BF4E4E20A934D200B6F81D /* ChartTest */ = {
			isa = PBXNativeTarget;
			buildConfigurationList = 08BF4E5320A934D200B6F81D /* Build configuration list for PBXNativeTarget "ChartTest" */;
			buildPhases = (
				08BF4E4B20A934D200B6F81D /* Sources */,
				08BF4E4C20A934D200B6F81D /* Frameworks */,
				08BF4E4D20A934D200B6F81D /* CopyFiles */,
			);
			buildRules = (
			);
			dependencies = (
			);
			name = ChartTest;
			productName = ChartTest;
			productReference = 08BF4E4F20A934D200B6F81D /* ChartTest */;
			productType = "com.apple.product-type.tool";
		};
/* End PBXNativeTarget section */

/* Begin PBXProject section */
		084505512047962100A0B88F /* Project object */ = {
			isa = PBXProject;
			attributes = {
				LastUpgradeCheck = 0930;
				ORGANIZATIONNAME = "Vincent Predoehl";
				TargetAttributes = {
					084505582047962100A0B88F = {
						CreatedOnToolsVersion = 9.2;
						ProvisioningStyle = Automatic;
					};
					08BF4E4E20A934D200B6F81D = {
						CreatedOnToolsVersion = 9.3.1;
						ProvisioningStyle = Automatic;
					};
				};
			};
			buildConfigurationList = 084505542047962100A0B88F /* Build configuration list for PBXProject "ExpertAdvisor" */;
			compatibilityVersion = "Xcode 8.0";
			developmentRegion = en;
			hasScannedForEncodings = 0;
			knownRegions = (
				en,
				Base,
			);
			mainGroup = 084505502047962100A0B88F;
			productRefGroup = 0845055A2047962100A0B88F /* Products */;
			projectDirPath = "";
			projectRoot = "";
			targets = (
				084505582047962100A0B88F /* ExpertAdvisor */,
				08BF4E4E20A934D200B6F81D /* ChartTest */,
			);
		};
/* End PBXProject section */

/* Begin PBXSourcesBuildPhase section */
		084505552047962100A0B88F /* Sources */ = {
			isa = PBXSourcesBuildPhase;
			buildActionMask = 2147483647;
			files = (
				08305975204E2A650066E86F /* Chart.cpp in Sources */,
				08BF4E4520A9286600B6F81D /* DiskIO.cpp in Sources */,
				0845055D2047962100A0B88F /* main.cpp in Sources */,
				0845056D204BC46900A0B88F /* CandleStick.cpp in Sources */,
				084505662048CAB900A0B88F /* PricePoint.cpp in Sources */,
			);
			runOnlyForDeploymentPostprocessing = 0;
		};
		08BF4E4B20A934D200B6F81D /* Sources */ = {
			isa = PBXSourcesBuildPhase;
			buildActionMask = 2147483647;
			files = (
				082BAC9320A93F760003EA86 /* PricePoint.cpp in Sources */,
				082BAC9420A93F760003EA86 /* CandleStick.cpp in Sources */,
				082BAC9220A93F3E0003EA86 /* DiskIO.cpp in Sources */,
				082BAC9520A93F760003EA86 /* Chart.cpp in Sources */,
				08BF4E5620A9385B00B6F81D /* main.cpp in Sources */,
			);
			runOnlyForDeploymentPostprocessing = 0;
		};
/* End PBXSourcesBuildPhase section */

/* Begin XCBuildConfiguration section */
		0845055E2047962100A0B88F /* Debug */ = {
			isa = XCBuildConfiguration;
			buildSettings = {
				ALWAYS_SEARCH_USER_PATHS = NO;
				CLANG_ANALYZER_NONNULL = YES;
				CLANG_ANALYZER_NUMBER_OBJECT_CONVERSION = YES_AGGRESSIVE;
				CLANG_CXX_LANGUAGE_STANDARD = "c++17";
				CLANG_CXX_LIBRARY = "libc++";
				CLANG_ENABLE_MODULES = NO;
				CLANG_ENABLE_OBJC_ARC = YES;
				CLANG_WARN_BLOCK_CAPTURE_AUTORELEASING = YES;
				CLANG_WARN_BOOL_CONVERSION = YES;
				CLANG_WARN_COMMA = YES;
				CLANG_WARN_CONSTANT_CONVERSION = YES;
				CLANG_WARN_DEPRECATED_OBJC_IMPLEMENTATIONS = YES;
				CLANG_WARN_DIRECT_OBJC_ISA_USAGE = YES_ERROR;
				CLANG_WARN_DOCUMENTATION_COMMENTS = YES;
				CLANG_WARN_EMPTY_BODY = YES;
				CLANG_WARN_ENUM_CONVERSION = YES;
				CLANG_WARN_INFINITE_RECURSION = YES;
				CLANG_WARN_INT_CONVERSION = YES;
				CLANG_WARN_NON_LITERAL_NULL_CONVERSION = YES;
				CLANG_WARN_OBJC_IMPLICIT_RETAIN_SELF = YES;
				CLANG_WARN_OBJC_LITERAL_CONVERSION = YES;
				CLANG_WARN_OBJC_ROOT_CLASS = YES_ERROR;
				CLANG_WARN_RANGE_LOOP_ANALYSIS = YES;
				CLANG_WARN_STRICT_PROTOTYPES = YES;
				CLANG_WARN_SUSPICIOUS_MOVE = YES;
				CLANG_WARN_UNGUARDED_AVAILABILITY = YES_AGGRESSIVE;
				CLANG_WARN_UNREACHABLE_CODE = YES;
				CLANG_WARN__DUPLICATE_METHOD_MATCH = YES;
				CODE_SIGN_IDENTITY = "Mac Developer";
				COMPILER_INDEX_STORE_ENABLE = NO;
				COPY_PHASE_STRIP = NO;
				DEBUG_INFORMATION_FORMAT = dwarf;
				ENABLE_STRICT_OBJC_MSGSEND = YES;
				ENABLE_TESTABILITY = YES;
				GCC_C_LANGUAGE_STANDARD = gnu11;
				GCC_DYNAMIC_NO_PIC = NO;
				GCC_NO_COMMON_BLOCKS = YES;
				GCC_OPTIMIZATION_LEVEL = 0;
				GCC_PREPROCESSOR_DEFINITIONS = (
					"DEBUG=1",
					"$(inherited)",
				);
				GCC_WARN_64_TO_32_BIT_CONVERSION = YES;
				GCC_WARN_ABOUT_RETURN_TYPE = YES_ERROR;
				GCC_WARN_UNDECLARED_SELECTOR = YES;
				GCC_WARN_UNINITIALIZED_AUTOS = YES_AGGRESSIVE;
				GCC_WARN_UNUSED_FUNCTION = YES;
				GCC_WARN_UNUSED_VARIABLE = YES;
				HEADER_SEARCH_PATHS = "";
				LIBRARY_SEARCH_PATHS = /usr/local/lib;
				MACOSX_DEPLOYMENT_TARGET = 10.14;
				MTL_ENABLE_DEBUG_INFO = YES;
				ONLY_ACTIVE_ARCH = YES;
				OTHER_CPLUSPLUSFLAGS = "$(OTHER_CFLAGS)";
				OTHER_LDFLAGS = (
					"-lc++experimental",
					"-lpqxx",
				);
				SDKROOT = macosx;
				SYSTEM_HEADER_SEARCH_PATHS = /usr/local/include/;
				USER_HEADER_SEARCH_PATHS = "/usr/local/include/c++/v1";
				Xanalyzer = "-I/usr/local/include/c++/v1/experimental";
			};
			name = Debug;
		};
		0845055F2047962100A0B88F /* Release */ = {
			isa = XCBuildConfiguration;
			buildSettings = {
				ALWAYS_SEARCH_USER_PATHS = NO;
				CLANG_ANALYZER_NONNULL = YES;
				CLANG_ANALYZER_NUMBER_OBJECT_CONVERSION = YES_AGGRESSIVE;
				CLANG_CXX_LANGUAGE_STANDARD = "c++17";
				CLANG_CXX_LIBRARY = "libc++";
				CLANG_ENABLE_MODULES = NO;
				CLANG_ENABLE_OBJC_ARC = YES;
				CLANG_WARN_BLOCK_CAPTURE_AUTORELEASING = YES;
				CLANG_WARN_BOOL_CONVERSION = YES;
				CLANG_WARN_COMMA = YES;
				CLANG_WARN_CONSTANT_CONVERSION = YES;
				CLANG_WARN_DEPRECATED_OBJC_IMPLEMENTATIONS = YES;
				CLANG_WARN_DIRECT_OBJC_ISA_USAGE = YES_ERROR;
				CLANG_WARN_DOCUMENTATION_COMMENTS = YES;
				CLANG_WARN_EMPTY_BODY = YES;
				CLANG_WARN_ENUM_CONVERSION = YES;
				CLANG_WARN_INFINITE_RECURSION = YES;
				CLANG_WARN_INT_CONVERSION = YES;
				CLANG_WARN_NON_LITERAL_NULL_CONVERSION = YES;
				CLANG_WARN_OBJC_IMPLICIT_RETAIN_SELF = YES;
				CLANG_WARN_OBJC_LITERAL_CONVERSION = YES;
				CLANG_WARN_OBJC_ROOT_CLASS = YES_ERROR;
				CLANG_WARN_RANGE_LOOP_ANALYSIS = YES;
				CLANG_WARN_STRICT_PROTOTYPES = YES;
				CLANG_WARN_SUSPICIOUS_MOVE = YES;
				CLANG_WARN_UNGUARDED_AVAILABILITY = YES_AGGRESSIVE;
				CLANG_WARN_UNREACHABLE_CODE = YES;
				CLANG_WARN__DUPLICATE_METHOD_MATCH = YES;
				CODE_SIGN_IDENTITY = "Mac Developer";
				COMPILER_INDEX_STORE_ENABLE = NO;
				COPY_PHASE_STRIP = NO;
				DEBUG_INFORMATION_FORMAT = "dwarf-with-dsym";
				ENABLE_NS_ASSERTIONS = NO;
				ENABLE_STRICT_OBJC_MSGSEND = YES;
				GCC_C_LANGUAGE_STANDARD = gnu11;
				GCC_NO_COMMON_BLOCKS = YES;
				GCC_WARN_64_TO_32_BIT_CONVERSION = YES;
				GCC_WARN_ABOUT_RETURN_TYPE = YES_ERROR;
				GCC_WARN_UNDECLARED_SELECTOR = YES;
				GCC_WARN_UNINITIALIZED_AUTOS = YES_AGGRESSIVE;
				GCC_WARN_UNUSED_FUNCTION = YES;
				GCC_WARN_UNUSED_VARIABLE = YES;
				HEADER_SEARCH_PATHS = "";
				LIBRARY_SEARCH_PATHS = /usr/local/lib;
				MACOSX_DEPLOYMENT_TARGET = 10.14;
				MTL_ENABLE_DEBUG_INFO = NO;
				OTHER_CPLUSPLUSFLAGS = "$(OTHER_CFLAGS)";
				OTHER_LDFLAGS = (
					"-lc++experimental",
					"-lpqxx",
				);
				SDKROOT = macosx;
				SYSTEM_HEADER_SEARCH_PATHS = /usr/local/include/;
				USER_HEADER_SEARCH_PATHS = "/usr/local/include/c++/v1";
				Xanalyzer = "-I/usr/local/include/c++/v1/experimental";
			};
			name = Release;
		};
		084505612047962100A0B88F /* Debug */ = {
			isa = XCBuildConfiguration;
			buildSettings = {
				CLANG_CXX_LANGUAGE_STANDARD = "c++17";
				CODE_SIGN_STYLE = Automatic;
				DEVELOPMENT_TEAM = X674V92M37;
				MACOSX_DEPLOYMENT_TARGET = 10.14;
				OTHER_LDFLAGS = (
					"-lc++fs",
					"-lpqxx",
				);
				PRODUCT_NAME = "$(TARGET_NAME)";
				SYSTEM_HEADER_SEARCH_PATHS = "/usr/local/include/ /usr/local/Toolchains/LLVM8.0.1.xctoolchain/usr/include/c++/v1/";
				USER_HEADER_SEARCH_PATHS = "/usr/local/include/c++/v1 ";
				Xanalyzer = "-I/usr/local/Toolchains/LLVM8.0.1.xctoolchain/usr/include/c++/v1/";
			};
			name = Debug;
		};
		084505622047962100A0B88F /* Release */ = {
			isa = XCBuildConfiguration;
			buildSettings = {
				CLANG_CXX_LANGUAGE_STANDARD = "c++17";
				CODE_SIGN_STYLE = Automatic;
				DEVELOPMENT_TEAM = X674V92M37;
				MACOSX_DEPLOYMENT_TARGET = 10.14;
				OTHER_LDFLAGS = (
					"-lc++fs",
					"-lpqxx",
				);
				PRODUCT_NAME = "$(TARGET_NAME)";
				SYSTEM_HEADER_SEARCH_PATHS = "/usr/local/include/ /usr/local/Toolchains/LLVM8.0.1.xctoolchain/usr/include/c++/v1/";
				USER_HEADER_SEARCH_PATHS = "/usr/local/include/c++/v1 ";
				Xanalyzer = "-I/usr/local/Toolchains/LLVM8.0.1.xctoolchain/usr/include/c++/v1/";
			};
			name = Release;
		};
		08BF4E5420A934D200B6F81D /* Debug */ = {
			isa = XCBuildConfiguration;
			buildSettings = {
				CLANG_CXX_LANGUAGE_STANDARD = "c++17";
				CLANG_ENABLE_MODULES = YES;
				CLANG_ENABLE_OBJC_WEAK = YES;
				CODE_SIGN_STYLE = Automatic;
				DEVELOPMENT_TEAM = X674V92M37;
				LD_MAP_FILE_PATH = "";
				PRODUCT_NAME = "$(TARGET_NAME)";
				SYSTEM_HEADER_SEARCH_PATHS = "/usr/local/include/ /usr/local/include/ /usr/local/Toolchains/LLVM8.0.1.xctoolchain/usr/include/c++/v1/";
				USER_HEADER_SEARCH_PATHS = "/usr/local/include/c++/v1 ";
			};
			name = Debug;
		};
		08BF4E5520A934D200B6F81D /* Release */ = {
			isa = XCBuildConfiguration;
			buildSettings = {
				CLANG_CXX_LANGUAGE_STANDARD = "c++17";
				CLANG_ENABLE_MODULES = YES;
				CLANG_ENABLE_OBJC_WEAK = YES;
				CODE_SIGN_STYLE = Automatic;
				DEVELOPMENT_TEAM = X674V92M37;
				LD_MAP_FILE_PATH = "";
				PRODUCT_NAME = "$(TARGET_NAME)";
				SYSTEM_HEADER_SEARCH_PATHS = "/usr/local/include/ /usr/local/include/ /usr/local/Toolchains/LLVM8.0.1.xctoolchain/usr/include/c++/v1/";
				USER_HEADER_SEARCH_PATHS = "/usr/local/include/c++/v1 ";
			};
			name = Release;
		};
/* End XCBuildConfiguration section */

/* Begin XCConfigurationList section */
		084505542047962100A0B88F /* Build configuration list for PBXProject "ExpertAdvisor" */ = {
			isa = XCConfigurationList;
			buildConfigurations = (
				0845055E2047962100A0B88F /* Debug */,
				0845055F2047962100A0B88F /* Release */,
			);
			defaultConfigurationIsVisible = 0;
			defaultConfigurationName = Release;
		};
		084505602047962100A0B88F /* Build configuration list for PBXNativeTarget "ExpertAdvisor" */ = {
			isa = XCConfigurationList;
			buildConfigurations = (
				084505612047962100A0B88F /* Debug */,
				084505622047962100A0B88F /* Release */,
			);
			defaultConfigurationIsVisible = 0;
			defaultConfigurationName = Release;
		};
		08BF4E5320A934D200B6F81D /* Build configuration list for PBXNativeTarget "ChartTest" */ = {
			isa = XCConfigurationList;
			buildConfigurations = (
				08BF4E5420A934D200B6F81D /* Debug */,
				08BF4E5520A934D200B6F81D /* Release */,
			);
			defaultConfigurationIsVisible = 0;
			defaultConfigurationName = Release;
		};
/* End XCConfigurationList section */
	};
	rootObject = 084505512047962100A0B88F /* Project object */;
}
