<?xml version="1.0" encoding="UTF-8"?>
<Scheme
   LastUpgradeVersion="2630"
   version="1.7">
   <BuildAction
      parallelizeBuildables="YES"
      buildImplicitDependencies="YES"
      buildArchitectures="Automatic">
      <BuildActionEntries>
         <BuildActionEntry
            buildForTesting="YES"
            buildForRunning="YES"
            buildForProfiling="YES"
            buildForArchiving="YES"
            buildForAnalyzing="YES">
            <BuildableReference
               BuildableIdentifier="primary"
               BlueprintIdentifier="0F9000103900000100AAA001"
               BuildableName="PocketResearch_Release"
               BlueprintName="PocketResearch Release"
               ReferencedContainer="container:ExpertAdvisor.xcodeproj">
            </BuildableReference>
         </BuildActionEntry>
      </BuildActionEntries>
   </BuildAction>
   <TestAction
      buildConfiguration="Release"
      selectedDebuggerIdentifier="Xcode.DebuggerFoundation.Debugger.LLDB"
      selectedLauncherIdentifier="Xcode.DebuggerFoundation.Launcher.LLDB"
      shouldUseLaunchSchemeArgsEnv="YES">
   </TestAction>
   <LaunchAction
      buildConfiguration="Release"
      selectedDebuggerIdentifier=""
      selectedLauncherIdentifier="Xcode.IDEFoundation.Launcher.PosixSpawn"
      launchStyle="0"
      useCustomWorkingDirectory="NO"
      ignoresPersistentStateOnLaunch="NO"
      debugDocumentVersioning="YES"
      debugServiceExtension="internal"
      allowLocationSimulation="YES"
      viewDebuggingEnabled="No">
   </LaunchAction>
   <ProfileAction buildConfiguration="Release" shouldUseLaunchSchemeArgsEnv="YES"/>
   <AnalyzeAction buildConfiguration="Release"/>
   <ArchiveAction buildConfiguration="Release" revealArchiveInOrganizer="YES"/>
</Scheme>
